schema: '2.0'
stages:
  data_ingestion:
    cmd: python src/cnnClassifier/pipeline/stage_01_data_ingestion.py
    deps:
    - path: config/config.yaml
      hash: md5
      md5: fa9d6edbd27d4b2582a0d0e796b9e83e
      size: 858
    - path: src/cnnClassifier/pipeline/stage_01_data_ingestion.py
      hash: md5
      md5: 22f79f80e4fd8262f4b7b113e3e1421d
      size: 905
    outs:
    - path: artifacts/data_ingestion/Chicken-fecal-images
      hash: md5
      md5: 9e1f8dd2eae3c29e9d635df89d438ae4.dir
      size: 12207807
      nfiles: 390
  prepare_base_model:
    cmd: python src/cnnClassifier/pipeline/stage_02_prepare_base_model.py
    deps:
    - path: config/config.yaml
      hash: md5
      md5: fa9d6edbd27d4b2582a0d0e796b9e83e
      size: 858
    - path: src/cnnClassifier/pipeline/stage_02_prepare_base_model.py
      hash: md5
      md5: d2972d0baa1d40f9d1775d3dbe3eb9c1
      size: 924
    params:
      params.yaml:
        BATCH_SIZE: 16
        CLASSES: 2
        IMAGE_SIZE:
        - 224
        - 224
        - 3
        LEARNING_RATE: 0.01
        WEIGHTS: imagenet
    outs:
    - path: artifacts/prepare_base_model
      hash: md5
      md5: fad0d80bf6742bbdab02dd5599e45383.dir
      size: 118073512
      nfiles: 2
  training:
    cmd: python src/cnnClassifier/pipeline/stage_03_training.py
    deps:
    - path: artifacts/data_ingestion/Chicken-fecal-images
      hash: md5
      md5: 9e1f8dd2eae3c29e9d635df89d438ae4.dir
      size: 12207807
      nfiles: 390
    - path: artifacts/prepare_base_model
      hash: md5
      md5: fad0d80bf6742bbdab02dd5599e45383.dir
      size: 118073512
      nfiles: 2
    - path: config/config.yaml
      hash: md5
      md5: fa9d6edbd27d4b2582a0d0e796b9e83e
      size: 858
    - path: src/cnnClassifier/components/prepare_callbacks.py
      hash: md5
      md5: 19a9be05cdb22f31d23d1b0757a9d9e0
      size: 969
    - path: src/cnnClassifier/pipeline/stage_03_training.py
      hash: md5
      md5: de39b1023e93cce9e18696ecd00a8961
      size: 1210
    params:
      params.yaml:
        AUGMETATION: true
        BATCH_SIZE: 16
        EPOCHS: 1
        IMAGE_SIZE:
        - 224
        - 224
        - 3
    outs:
    - path: artifacts/training/model.h5
      hash: md5
      md5: bca15d4701cde4906b2f28fd0cd7a3b1
      size: 59147448
  evaluation:
    cmd: python src/cnnClassifier/pipeline/stage_04_evaluation.py
    deps:
    - path: artifacts/data_ingestion/Chicken-fecal-images
      hash: md5
      md5: 9e1f8dd2eae3c29e9d635df89d438ae4.dir
      size: 12207807
      nfiles: 390
    - path: artifacts/training/model.h5
      hash: md5
      md5: bca15d4701cde4906b2f28fd0cd7a3b1
      size: 59147448
    - path: config/config.yaml
      hash: md5
      md5: fa9d6edbd27d4b2582a0d0e796b9e83e
      size: 858
    - path: src/cnnClassifier/pipeline/stage_04_evaluation.py
      hash: md5
      md5: 7aca6527e445625fa5fd028058413aed
      size: 816
    params:
      params.yaml:
        BATCH_SIZE: 16
        IMAGE_SIZE:
        - 224
        - 224
        - 3
    outs:
    - path: scores.json
      hash: md5
      md5: f86b432f057fa323743aff61d07bff88
      size: 57
